PODS:
  - AppsFlyerFramework (6.10.1):
    - AppsFlyerFramework/Main (= 6.10.1)
  - AppsFlyerFramework/Main (6.10.1)
  - boost (1.76.0)
  - BVLinearGradient (2.6.2):
    - React-Core
  - DoubleConversion (1.1.6)
  - FBLazyVector (0.71.12)
  - FBReactNativeSpec (0.71.12):
    - RCT-Folly (= 2021.07.22.00)
    - RCTRequired (= 0.71.12)
    - RCTTypeSafety (= 0.71.12)
    - React-Core (= 0.71.12)
    - React-jsi (= 0.71.12)
    - ReactCommon/turbomodule/core (= 0.71.12)
  - fmt (6.2.1)
  - FooAppleWalletFramework (1.0.18):
    - FooAppleWalletFramework/Framework (= 1.0.18)
  - FooAppleWalletFramework/Framework (1.0.18)
  - fooapplewalletreactplugin (0.1.0):
    - FooAppleWalletFramework
    - RCT-Folly (= 2021.07.22.00)
    - React-Core
  - glog (0.3.5)
  - lottie-ios (3.4.4)
  - lottie-react-native (5.1.6):
    - lottie-ios (~> 3.4.0)
    - React-Core
  - meawallet-react-native-mpp (1.1.4):
    - React-Core
  - QrCode (1.0.0):
    - React
  - RCT-Folly (2021.07.22.00):
    - boost
    - DoubleConversion
    - fmt (~> 6.2.1)
    - glog
    - RCT-Folly/Default (= 2021.07.22.00)
  - RCT-Folly/Default (2021.07.22.00):
    - boost
    - DoubleConversion
    - fmt (~> 6.2.1)
    - glog
  - RCTRequired (0.71.12)
  - RCTTypeSafety (0.71.12):
    - FBLazyVector (= 0.71.12)
    - RCTRequired (= 0.71.12)
    - React-Core (= 0.71.12)
  - React (0.71.12):
    - React-Core (= 0.71.12)
    - React-Core/DevSupport (= 0.71.12)
    - React-Core/RCTWebSocket (= 0.71.12)
    - React-RCTActionSheet (= 0.71.12)
    - React-RCTAnimation (= 0.71.12)
    - React-RCTBlob (= 0.71.12)
    - React-RCTImage (= 0.71.12)
    - React-RCTLinking (= 0.71.12)
    - React-RCTNetwork (= 0.71.12)
    - React-RCTSettings (= 0.71.12)
    - React-RCTText (= 0.71.12)
    - React-RCTVibration (= 0.71.12)
  - React-callinvoker (0.71.12)
  - React-Codegen (0.71.12):
    - FBReactNativeSpec
    - RCT-Folly
    - RCTRequired
    - RCTTypeSafety
    - React-Core
    - React-jsc
    - React-jsi
    - React-jsiexecutor
    - ReactCommon/turbomodule/bridging
    - ReactCommon/turbomodule/core
  - React-Core (0.71.12):
    - glog
    - RCT-Folly (= 2021.07.22.00)
    - React-Core/Default (= 0.71.12)
    - React-cxxreact (= 0.71.12)
    - React-jsc
    - React-jsi (= 0.71.12)
    - React-jsiexecutor (= 0.71.12)
    - React-perflogger (= 0.71.12)
    - Yoga
  - React-Core/CoreModulesHeaders (0.71.12):
    - glog
    - RCT-Folly (= 2021.07.22.00)
    - React-Core/Default
    - React-cxxreact (= 0.71.12)
    - React-jsc
    - React-jsi (= 0.71.12)
    - React-jsiexecutor (= 0.71.12)
    - React-perflogger (= 0.71.12)
    - Yoga
  - React-Core/Default (0.71.12):
    - glog
    - RCT-Folly (= 2021.07.22.00)
    - React-cxxreact (= 0.71.12)
    - React-jsc
    - React-jsi (= 0.71.12)
    - React-jsiexecutor (= 0.71.12)
    - React-perflogger (= 0.71.12)
    - Yoga
  - React-Core/DevSupport (0.71.12):
    - glog
    - RCT-Folly (= 2021.07.22.00)
    - React-Core/Default (= 0.71.12)
    - React-Core/RCTWebSocket (= 0.71.12)
    - React-cxxreact (= 0.71.12)
    - React-jsc
    - React-jsi (= 0.71.12)
    - React-jsiexecutor (= 0.71.12)
    - React-jsinspector (= 0.71.12)
    - React-perflogger (= 0.71.12)
    - Yoga
  - React-Core/RCTActionSheetHeaders (0.71.12):
    - glog
    - RCT-Folly (= 2021.07.22.00)
    - React-Core/Default
    - React-cxxreact (= 0.71.12)
    - React-jsc
    - React-jsi (= 0.71.12)
    - React-jsiexecutor (= 0.71.12)
    - React-perflogger (= 0.71.12)
    - Yoga
  - React-Core/RCTAnimationHeaders (0.71.12):
    - glog
    - RCT-Folly (= 2021.07.22.00)
    - React-Core/Default
    - React-cxxreact (= 0.71.12)
    - React-jsc
    - React-jsi (= 0.71.12)
    - React-jsiexecutor (= 0.71.12)
    - React-perflogger (= 0.71.12)
    - Yoga
  - React-Core/RCTBlobHeaders (0.71.12):
    - glog
    - RCT-Folly (= 2021.07.22.00)
    - React-Core/Default
    - React-cxxreact (= 0.71.12)
    - React-jsc
    - React-jsi (= 0.71.12)
    - React-jsiexecutor (= 0.71.12)
    - React-perflogger (= 0.71.12)
    - Yoga
  - React-Core/RCTImageHeaders (0.71.12):
    - glog
    - RCT-Folly (= 2021.07.22.00)
    - React-Core/Default
    - React-cxxreact (= 0.71.12)
    - React-jsc
    - React-jsi (= 0.71.12)
    - React-jsiexecutor (= 0.71.12)
    - React-perflogger (= 0.71.12)
    - Yoga
  - React-Core/RCTLinkingHeaders (0.71.12):
    - glog
    - RCT-Folly (= 2021.07.22.00)
    - React-Core/Default
    - React-cxxreact (= 0.71.12)
    - React-jsc
    - React-jsi (= 0.71.12)
    - React-jsiexecutor (= 0.71.12)
    - React-perflogger (= 0.71.12)
    - Yoga
  - React-Core/RCTNetworkHeaders (0.71.12):
    - glog
    - RCT-Folly (= 2021.07.22.00)
    - React-Core/Default
    - React-cxxreact (= 0.71.12)
    - React-jsc
    - React-jsi (= 0.71.12)
    - React-jsiexecutor (= 0.71.12)
    - React-perflogger (= 0.71.12)
    - Yoga
  - React-Core/RCTSettingsHeaders (0.71.12):
    - glog
    - RCT-Folly (= 2021.07.22.00)
    - React-Core/Default
    - React-cxxreact (= 0.71.12)
    - React-jsc
    - React-jsi (= 0.71.12)
    - React-jsiexecutor (= 0.71.12)
    - React-perflogger (= 0.71.12)
    - Yoga
  - React-Core/RCTTextHeaders (0.71.12):
    - glog
    - RCT-Folly (= 2021.07.22.00)
    - React-Core/Default
    - React-cxxreact (= 0.71.12)
    - React-jsc
    - React-jsi (= 0.71.12)
    - React-jsiexecutor (= 0.71.12)
    - React-perflogger (= 0.71.12)
    - Yoga
  - React-Core/RCTVibrationHeaders (0.71.12):
    - glog
    - RCT-Folly (= 2021.07.22.00)
    - React-Core/Default
    - React-cxxreact (= 0.71.12)
    - React-jsc
    - React-jsi (= 0.71.12)
    - React-jsiexecutor (= 0.71.12)
    - React-perflogger (= 0.71.12)
    - Yoga
  - React-Core/RCTWebSocket (0.71.12):
    - glog
    - RCT-Folly (= 2021.07.22.00)
    - React-Core/Default (= 0.71.12)
    - React-cxxreact (= 0.71.12)
    - React-jsc
    - React-jsi (= 0.71.12)
    - React-jsiexecutor (= 0.71.12)
    - React-perflogger (= 0.71.12)
    - Yoga
  - React-CoreModules (0.71.12):
    - RCT-Folly (= 2021.07.22.00)
    - RCTTypeSafety (= 0.71.12)
    - React-Codegen (= 0.71.12)
    - React-Core/CoreModulesHeaders (= 0.71.12)
    - React-jsi (= 0.71.12)
    - React-RCTBlob
    - React-RCTImage (= 0.71.12)
    - ReactCommon/turbomodule/core (= 0.71.12)
  - React-cxxreact (0.71.12):
    - boost (= 1.76.0)
    - DoubleConversion
    - glog
    - RCT-Folly (= 2021.07.22.00)
    - React-callinvoker (= 0.71.12)
    - React-jsi (= 0.71.12)
    - React-jsinspector (= 0.71.12)
    - React-logger (= 0.71.12)
    - React-perflogger (= 0.71.12)
    - React-runtimeexecutor (= 0.71.12)
  - React-jsc (0.71.12):
    - React-jsc/Fabric (= 0.71.12)
    - React-jsi (= 0.71.12)
  - React-jsc/Fabric (0.71.12):
    - React-jsi (= 0.71.12)
  - React-jsi (0.71.12):
    - boost (= 1.76.0)
    - DoubleConversion
    - glog
    - RCT-Folly (= 2021.07.22.00)
  - React-jsiexecutor (0.71.12):
    - DoubleConversion
    - glog
    - RCT-Folly (= 2021.07.22.00)
    - React-cxxreact (= 0.71.12)
    - React-jsi (= 0.71.12)
    - React-perflogger (= 0.71.12)
  - React-jsinspector (0.71.12)
  - React-logger (0.71.12):
    - glog
  - react-native-add-calendar-event (4.2.2):
    - React-Core
  - react-native-appsflyer (6.10.3):
    - AppsFlyerFramework (= 6.10.1)
    - React
  - react-native-biometrics (3.0.1):
    - React-Core
  - react-native-blob-util (0.19.0):
    - React-Core
  - react-native-camera (4.2.1):
    - React-Core
    - react-native-camera/RCT (= 4.2.1)
    - react-native-camera/RN (= 4.2.1)
  - react-native-camera/RCT (4.2.1):
    - React-Core
  - react-native-camera/RN (4.2.1):
    - React-Core
  - react-native-contacts (7.0.8):
    - React-Core
  - react-native-document-picker (8.2.0):
    - React-Core
  - react-native-encrypted-storage (4.0.3):
    - React-Core
  - react-native-image-picker (7.0.0):
    - React-Core
  - react-native-maps (1.8.0):
    - React-Core
  - react-native-netinfo (9.4.1):
    - React-Core
  - react-native-pager-view (6.2.0):
    - React-Core
  - react-native-pdf (6.7.1):
    - React-Core
  - react-native-safe-area-context (4.5.2):
    - RCT-Folly
    - RCTRequired
    - RCTTypeSafety
    - React-Core
    - ReactCommon/turbomodule/core
  - react-native-slider (4.4.3):
    - React-Core
  - react-native-view-shot (3.8.0):
    - React-Core
  - react-native-webview (11.26.1):
    - React-Core
  - React-perflogger (0.71.12)
  - React-RCTActionSheet (0.71.12):
    - React-Core/RCTActionSheetHeaders (= 0.71.12)
  - React-RCTAnimation (0.71.12):
    - RCT-Folly (= 2021.07.22.00)
    - RCTTypeSafety (= 0.71.12)
    - React-Codegen (= 0.71.12)
    - React-Core/RCTAnimationHeaders (= 0.71.12)
    - React-jsi (= 0.71.12)
    - ReactCommon/turbomodule/core (= 0.71.12)
  - React-RCTAppDelegate (0.71.12):
    - RCT-Folly
    - RCTRequired
    - RCTTypeSafety
    - React-Core
    - ReactCommon/turbomodule/core
  - React-RCTBlob (0.71.12):
    - RCT-Folly (= 2021.07.22.00)
    - React-Codegen (= 0.71.12)
    - React-Core/RCTBlobHeaders (= 0.71.12)
    - React-Core/RCTWebSocket (= 0.71.12)
    - React-jsi (= 0.71.12)
    - React-RCTNetwork (= 0.71.12)
    - ReactCommon/turbomodule/core (= 0.71.12)
  - React-RCTImage (0.71.12):
    - RCT-Folly (= 2021.07.22.00)
    - RCTTypeSafety (= 0.71.12)
    - React-Codegen (= 0.71.12)
    - React-Core/RCTImageHeaders (= 0.71.12)
    - React-jsi (= 0.71.12)
    - React-RCTNetwork (= 0.71.12)
    - ReactCommon/turbomodule/core (= 0.71.12)
  - React-RCTLinking (0.71.12):
    - React-Codegen (= 0.71.12)
    - React-Core/RCTLinkingHeaders (= 0.71.12)
    - React-jsi (= 0.71.12)
    - ReactCommon/turbomodule/core (= 0.71.12)
  - React-RCTNetwork (0.71.12):
    - RCT-Folly (= 2021.07.22.00)
    - RCTTypeSafety (= 0.71.12)
    - React-Codegen (= 0.71.12)
    - React-Core/RCTNetworkHeaders (= 0.71.12)
    - React-jsi (= 0.71.12)
    - ReactCommon/turbomodule/core (= 0.71.12)
  - React-RCTSettings (0.71.12):
    - RCT-Folly (= 2021.07.22.00)
    - RCTTypeSafety (= 0.71.12)
    - React-Codegen (= 0.71.12)
    - React-Core/RCTSettingsHeaders (= 0.71.12)
    - React-jsi (= 0.71.12)
    - ReactCommon/turbomodule/core (= 0.71.12)
  - React-RCTText (0.71.12):
    - React-Core/RCTTextHeaders (= 0.71.12)
  - React-RCTVibration (0.71.12):
    - RCT-Folly (= 2021.07.22.00)
    - React-Codegen (= 0.71.12)
    - React-Core/RCTVibrationHeaders (= 0.71.12)
    - React-jsi (= 0.71.12)
    - ReactCommon/turbomodule/core (= 0.71.12)
  - React-runtimeexecutor (0.71.12):
    - React-jsi (= 0.71.12)
  - ReactCommon/turbomodule/bridging (0.71.12):
    - DoubleConversion
    - glog
    - RCT-Folly (= 2021.07.22.00)
    - React-callinvoker (= 0.71.12)
    - React-Core (= 0.71.12)
    - React-cxxreact (= 0.71.12)
    - React-jsi (= 0.71.12)
    - React-logger (= 0.71.12)
    - React-perflogger (= 0.71.12)
  - ReactCommon/turbomodule/core (0.71.12):
    - DoubleConversion
    - glog
    - RCT-Folly (= 2021.07.22.00)
    - React-callinvoker (= 0.71.12)
    - React-Core (= 0.71.12)
    - React-cxxreact (= 0.71.12)
    - React-jsi (= 0.71.12)
    - React-logger (= 0.71.12)
    - React-perflogger (= 0.71.12)
  - Realm (10.45.2):
    - Realm/Headers (= 10.45.2)
  - Realm/Headers (10.45.2)
  - RealmSwift (10.45.2):
    - Realm (= 10.45.2)
  - RNBootSplash (4.7.1):
    - React-Core
  - RNCClipboard (1.11.2):
    - React-Core
  - RNCPicker (2.4.10):
    - React-Core
  - RNDateTimePicker (6.7.5):
    - React-Core
  - RNDeviceInfo (10.6.0):
    - React-Core
  - RNGestureHandler (2.10.0):
    - React-Core
  - RNInAppBrowser (3.7.0):
    - React-Core
  - RNPermissions (3.8.0):
    - React-Core
  - RNReanimated (3.3.0):
    - DoubleConversion
    - FBLazyVector
    - FBReactNativeSpec
    - glog
    - RCT-Folly
    - RCTRequired
    - RCTTypeSafety
    - React-callinvoker
    - React-Core
    - React-Core/DevSupport
    - React-Core/RCTWebSocket
    - React-CoreModules
    - React-cxxreact
    - React-jsc
    - React-jsi
    - React-jsiexecutor
    - React-jsinspector
    - React-RCTActionSheet
    - React-RCTAnimation
    - React-RCTBlob
    - React-RCTImage
    - React-RCTLinking
    - React-RCTNetwork
    - React-RCTSettings
    - React-RCTText
    - ReactCommon/turbomodule/core
    - Yoga
  - RNScreens (3.20.0):
    - React-Core
    - React-RCTImage
  - RNShare (9.2.3):
    - React-Core
  - RNSVG (14.1.0):
    - React-Core
  - RNWatch (1.1.0):
    - React
  - Runtime (2.2.2)
  - Unrealm (1.9.5):
    - Realm
    - RealmSwift
    - Runtime
  - Yoga (1.14.0)

DEPENDENCIES:
  - boost (from `../node_modules/react-native/third-party-podspecs/boost.podspec`)
  - BVLinearGradient (from `../node_modules/react-native-linear-gradient`)
  - DoubleConversion (from `../node_modules/react-native/third-party-podspecs/DoubleConversion.podspec`)
  - FBLazyVector (from `../node_modules/react-native/Libraries/FBLazyVector`)
  - FBReactNativeSpec (from `../node_modules/react-native/React/FBReactNativeSpec`)
  - FooAppleWalletFramework
  - fooapplewalletreactplugin (from `../node_modules/fooapplewalletreactplugin`)
  - glog (from `../node_modules/react-native/third-party-podspecs/glog.podspec`)
  - lottie-react-native (from `../node_modules/lottie-react-native`)
  - "meawallet-react-native-mpp (from `../node_modules/@meawallet/react-native-mpp`)"
  - QrCode (from `../node_modules/react-native-qr-decode-image-camera`)
  - RCT-Folly (from `../node_modules/react-native/third-party-podspecs/RCT-Folly.podspec`)
  - RCTRequired (from `../node_modules/react-native/Libraries/RCTRequired`)
  - RCTTypeSafety (from `../node_modules/react-native/Libraries/TypeSafety`)
  - React (from `../node_modules/react-native/`)
  - React-callinvoker (from `../node_modules/react-native/ReactCommon/callinvoker`)
  - React-Codegen (from `build/generated/ios`)
  - React-Core (from `../node_modules/react-native/`)
  - React-Core/RCTWebSocket (from `../node_modules/react-native/`)
  - React-CoreModules (from `../node_modules/react-native/React/CoreModules`)
  - React-cxxreact (from `../node_modules/react-native/ReactCommon/cxxreact`)
  - React-jsc (from `../node_modules/react-native/ReactCommon/jsc`)
  - React-jsi (from `../node_modules/react-native/ReactCommon/jsi`)
  - React-jsiexecutor (from `../node_modules/react-native/ReactCommon/jsiexecutor`)
  - React-jsinspector (from `../node_modules/react-native/ReactCommon/jsinspector`)
  - React-logger (from `../node_modules/react-native/ReactCommon/logger`)
  - react-native-add-calendar-event (from `../node_modules/react-native-add-calendar-event`)
  - react-native-appsflyer (from `../node_modules/react-native-appsflyer`)
  - react-native-biometrics (from `../node_modules/react-native-biometrics`)
  - react-native-blob-util (from `../node_modules/react-native-blob-util`)
  - react-native-camera (from `../node_modules/react-native-camera`)
  - react-native-contacts (from `../node_modules/react-native-contacts`)
  - react-native-document-picker (from `../node_modules/react-native-document-picker`)
  - react-native-encrypted-storage (from `../node_modules/react-native-encrypted-storage`)
  - react-native-image-picker (from `../node_modules/react-native-image-picker`)
  - react-native-maps (from `../node_modules/react-native-maps`)
  - "react-native-netinfo (from `../node_modules/@react-native-community/netinfo`)"
  - react-native-pager-view (from `../node_modules/react-native-pager-view`)
  - react-native-pdf (from `../node_modules/react-native-pdf`)
  - react-native-safe-area-context (from `../node_modules/react-native-safe-area-context`)
  - "react-native-slider (from `../node_modules/@react-native-community/slider`)"
  - react-native-view-shot (from `../node_modules/react-native-view-shot`)
  - react-native-webview (from `../node_modules/react-native-webview`)
  - React-perflogger (from `../node_modules/react-native/ReactCommon/reactperflogger`)
  - React-RCTActionSheet (from `../node_modules/react-native/Libraries/ActionSheetIOS`)
  - React-RCTAnimation (from `../node_modules/react-native/Libraries/NativeAnimation`)
  - React-RCTAppDelegate (from `../node_modules/react-native/Libraries/AppDelegate`)
  - React-RCTBlob (from `../node_modules/react-native/Libraries/Blob`)
  - React-RCTImage (from `../node_modules/react-native/Libraries/Image`)
  - React-RCTLinking (from `../node_modules/react-native/Libraries/LinkingIOS`)
  - React-RCTNetwork (from `../node_modules/react-native/Libraries/Network`)
  - React-RCTSettings (from `../node_modules/react-native/Libraries/Settings`)
  - React-RCTText (from `../node_modules/react-native/Libraries/Text`)
  - React-RCTVibration (from `../node_modules/react-native/Libraries/Vibration`)
  - React-runtimeexecutor (from `../node_modules/react-native/ReactCommon/runtimeexecutor`)
  - ReactCommon/turbomodule/core (from `../node_modules/react-native/ReactCommon`)
  - Realm
  - RealmSwift
  - RNBootSplash (from `../node_modules/react-native-bootsplash`)
  - "RNCClipboard (from `../node_modules/@react-native-clipboard/clipboard`)"
  - "RNCPicker (from `../node_modules/@react-native-picker/picker`)"
  - "RNDateTimePicker (from `../node_modules/@react-native-community/datetimepicker`)"
  - RNDeviceInfo (from `../node_modules/react-native-device-info`)
  - RNGestureHandler (from `../node_modules/react-native-gesture-handler`)
  - RNInAppBrowser (from `../node_modules/react-native-inappbrowser-reborn`)
  - RNPermissions (from `../node_modules/react-native-permissions`)
  - RNReanimated (from `../node_modules/react-native-reanimated`)
  - RNScreens (from `../node_modules/react-native-screens`)
  - RNShare (from `../node_modules/react-native-share`)
  - RNSVG (from `../node_modules/react-native-svg`)
  - RNWatch (from `../node_modules/react-native-watch-connectivity`)
  - Runtime
  - Unrealm
  - Yoga (from `../node_modules/react-native/ReactCommon/yoga`)

SPEC REPOS:
  https://github.com/foodeveloper/foopods.git:
    - FooAppleWalletFramework
  trunk:
    - AppsFlyerFramework
    - fmt
    - lottie-ios
    - Realm
    - RealmSwift
    - Runtime
    - Unrealm

EXTERNAL SOURCES:
  boost:
    :podspec: "../node_modules/react-native/third-party-podspecs/boost.podspec"
  BVLinearGradient:
    :path: "../node_modules/react-native-linear-gradient"
  DoubleConversion:
    :podspec: "../node_modules/react-native/third-party-podspecs/DoubleConversion.podspec"
  FBLazyVector:
    :path: "../node_modules/react-native/Libraries/FBLazyVector"
  FBReactNativeSpec:
    :path: "../node_modules/react-native/React/FBReactNativeSpec"
  fooapplewalletreactplugin:
    :path: "../node_modules/fooapplewalletreactplugin"
  glog:
    :podspec: "../node_modules/react-native/third-party-podspecs/glog.podspec"
  lottie-react-native:
    :path: "../node_modules/lottie-react-native"
  meawallet-react-native-mpp:
    :path: "../node_modules/@meawallet/react-native-mpp"
  QrCode:
    :path: "../node_modules/react-native-qr-decode-image-camera"
  RCT-Folly:
    :podspec: "../node_modules/react-native/third-party-podspecs/RCT-Folly.podspec"
  RCTRequired:
    :path: "../node_modules/react-native/Libraries/RCTRequired"
  RCTTypeSafety:
    :path: "../node_modules/react-native/Libraries/TypeSafety"
  React:
    :path: "../node_modules/react-native/"
  React-callinvoker:
    :path: "../node_modules/react-native/ReactCommon/callinvoker"
  React-Codegen:
    :path: build/generated/ios
  React-Core:
    :path: "../node_modules/react-native/"
  React-CoreModules:
    :path: "../node_modules/react-native/React/CoreModules"
  React-cxxreact:
    :path: "../node_modules/react-native/ReactCommon/cxxreact"
  React-jsc:
    :path: "../node_modules/react-native/ReactCommon/jsc"
  React-jsi:
    :path: "../node_modules/react-native/ReactCommon/jsi"
  React-jsiexecutor:
    :path: "../node_modules/react-native/ReactCommon/jsiexecutor"
  React-jsinspector:
    :path: "../node_modules/react-native/ReactCommon/jsinspector"
  React-logger:
    :path: "../node_modules/react-native/ReactCommon/logger"
  react-native-add-calendar-event:
    :path: "../node_modules/react-native-add-calendar-event"
  react-native-appsflyer:
    :path: "../node_modules/react-native-appsflyer"
  react-native-biometrics:
    :path: "../node_modules/react-native-biometrics"
  react-native-blob-util:
    :path: "../node_modules/react-native-blob-util"
  react-native-camera:
    :path: "../node_modules/react-native-camera"
  react-native-contacts:
    :path: "../node_modules/react-native-contacts"
  react-native-document-picker:
    :path: "../node_modules/react-native-document-picker"
  react-native-encrypted-storage:
    :path: "../node_modules/react-native-encrypted-storage"
  react-native-image-picker:
    :path: "../node_modules/react-native-image-picker"
  react-native-maps:
    :path: "../node_modules/react-native-maps"
  react-native-netinfo:
    :path: "../node_modules/@react-native-community/netinfo"
  react-native-pager-view:
    :path: "../node_modules/react-native-pager-view"
  react-native-pdf:
    :path: "../node_modules/react-native-pdf"
  react-native-safe-area-context:
    :path: "../node_modules/react-native-safe-area-context"
  react-native-slider:
    :path: "../node_modules/@react-native-community/slider"
  react-native-view-shot:
    :path: "../node_modules/react-native-view-shot"
  react-native-webview:
    :path: "../node_modules/react-native-webview"
  React-perflogger:
    :path: "../node_modules/react-native/ReactCommon/reactperflogger"
  React-RCTActionSheet:
    :path: "../node_modules/react-native/Libraries/ActionSheetIOS"
  React-RCTAnimation:
    :path: "../node_modules/react-native/Libraries/NativeAnimation"
  React-RCTAppDelegate:
    :path: "../node_modules/react-native/Libraries/AppDelegate"
  React-RCTBlob:
    :path: "../node_modules/react-native/Libraries/Blob"
  React-RCTImage:
    :path: "../node_modules/react-native/Libraries/Image"
  React-RCTLinking:
    :path: "../node_modules/react-native/Libraries/LinkingIOS"
  React-RCTNetwork:
    :path: "../node_modules/react-native/Libraries/Network"
  React-RCTSettings:
    :path: "../node_modules/react-native/Libraries/Settings"
  React-RCTText:
    :path: "../node_modules/react-native/Libraries/Text"
  React-RCTVibration:
    :path: "../node_modules/react-native/Libraries/Vibration"
  React-runtimeexecutor:
    :path: "../node_modules/react-native/ReactCommon/runtimeexecutor"
  ReactCommon:
    :path: "../node_modules/react-native/ReactCommon"
  RNBootSplash:
    :path: "../node_modules/react-native-bootsplash"
  RNCClipboard:
    :path: "../node_modules/@react-native-clipboard/clipboard"
  RNCPicker:
    :path: "../node_modules/@react-native-picker/picker"
  RNDateTimePicker:
    :path: "../node_modules/@react-native-community/datetimepicker"
  RNDeviceInfo:
    :path: "../node_modules/react-native-device-info"
  RNGestureHandler:
    :path: "../node_modules/react-native-gesture-handler"
  RNInAppBrowser:
    :path: "../node_modules/react-native-inappbrowser-reborn"
  RNPermissions:
    :path: "../node_modules/react-native-permissions"
  RNReanimated:
    :path: "../node_modules/react-native-reanimated"
  RNScreens:
    :path: "../node_modules/react-native-screens"
  RNShare:
    :path: "../node_modules/react-native-share"
  RNSVG:
    :path: "../node_modules/react-native-svg"
  RNWatch:
    :path: "../node_modules/react-native-watch-connectivity"
  Yoga:
    :path: "../node_modules/react-native/ReactCommon/yoga"

SPEC CHECKSUMS:
  AppsFlyerFramework: 88a6eed37ad52bcee4ad74232efa8e22809d06c9
  boost: 57d2868c099736d80fcd648bf211b4431e51a558
  BVLinearGradient: 34a999fda29036898a09c6a6b728b0b4189e1a44
  DoubleConversion: 5189b271737e1565bdce30deb4a08d647e3f5f54
  FBLazyVector: 4eb7ee83e8d0ad7e20a829485295ff48823c4e4c
  FBReactNativeSpec: b24809f97ae83c786928d56b732957195b4fa390
  fmt: ff9d55029c625d3757ed641535fd4a75fedc7ce9
  FooAppleWalletFramework: b7c41894f0f69ad08755910013af1a33692bfc17
  fooapplewalletreactplugin: 78d40e1036d43997dd9353bd204505f8a12db2be
  glog: 04b94705f318337d7ead9e6d17c019bd9b1f6b1b
  lottie-ios: 8f97d3271e155c2d688875c29cd3c74908aef5f8
  lottie-react-native: 8f9d4be452e23f6e5ca0fdc11669dc99ab52be81
  meawallet-react-native-mpp: f3ae2602fc51de1e0d4d927abbd87547a4598c26
  QrCode: 703276888a8e1e5a77606392f82ce758d895a450
  RCT-Folly: 424b8c9a7a0b9ab2886ffe9c3b041ef628fd4fb1
  RCTRequired: 4db5e3e18b906377a502da5b358ff159ba4783ed
  RCTTypeSafety: 6c1a8aed043050de0d537336c95cd1be7b66c272
  React: 214e77358d860a3ed707fede9088e7c00663a087
  React-callinvoker: 8fc1c79c26fbcadce2a5d4a3cb4b2ced2dec3436
  React-Codegen: b2ac76583168cf823ceefa092ab05bdfb032b390
  React-Core: 71a65c31e05897700e42f5356f29fe485c334e6d
  React-CoreModules: d9680e1d551eef1dd764df736a473cf25f701070
  React-cxxreact: bb84a3ef29ed59211987a34897704b9c56d1b765
  React-jsc: 442c396c8180dc25c390ee23a3536d8c600718be
  React-jsi: 2a87379ac68034e1a5d2a9c796486aea6bdca3ef
  React-jsiexecutor: a78a0e415dc4b786a4308becf3e3bc6dbbc7b92e
  React-jsinspector: ec4dcbfb1f4e72f04f826a0301eceee5fa7ca540
  React-logger: 35538accacf2583693fbc3ee8b53e69a1776fcee
  react-native-add-calendar-event: 34ad00f629187cbb97c2f04195e17803b2b3bc5e
  react-native-appsflyer: 153e96b97ecc0c26b14fc79911675e51cfd35b36
  react-native-biometrics: 352e5a794bfffc46a0c86725ea7dc62deb085bdc
  react-native-blob-util: 2b6627b288e3bd9874704ea9a153f0a179e4f3f5
  react-native-camera: 3eae183c1d111103963f3dd913b65d01aef8110f
  react-native-contacts: cb4f3b823550adbce0802901b9e63bf1526ec0af
  react-native-document-picker: 495c444c0c773c6e83a5d91165890ecb1c0a399a
  react-native-encrypted-storage: db300a3f2f0aba1e818417c1c0a6be549038deb7
  react-native-image-picker: ddbbe4d226d9c82a82360f5de66bf71a657a42e6
  react-native-maps: f699e0753c22c4d5c3a44d03895b193a4dbca6c2
  react-native-netinfo: fefd4e98d75cbdd6e85fc530f7111a8afdf2b0c5
  react-native-pager-view: 0ccb8bf60e2ebd38b1f3669fa3650ecce81db2df
  react-native-pdf: 7c0e91ada997bac8bac3bb5bea5b6b81f5a3caae
  react-native-safe-area-context: 1d596539b05a78f2b346e954e7c577f6f9be7544
  react-native-slider: 1cdd6ba29675df21f30544253bf7351d3c2d68c4
  react-native-view-shot: 6b7ed61d77d88580fed10954d45fad0eb2d47688
  react-native-webview: 9f111dfbcfc826084d6c507f569e5e03342ee1c1
  React-perflogger: 75b0e25075c67565a830985f3c373e2eae5389e0
  React-RCTActionSheet: a0c3e916b327e297d124d9ebe8b0c721840ee04d
  React-RCTAnimation: 3da7025801d7bf0f8cfd94574d6278d5b82a8b88
  React-RCTAppDelegate: 851be18dd9ed11f85568f2357581632ca323efe9
  React-RCTBlob: fa3ba422e3ea4520f9d726b0327b9b9e96dc46d4
  React-RCTImage: e230761bd34d71362dd8b3d51b5cd72674935aa0
  React-RCTLinking: 3294b1b540005628168e5a341963b0eddc3932e8
  React-RCTNetwork: 00c6b2215e54a9fb015c53a5e02b0a852dbb8568
  React-RCTSettings: 2e7e4964f45e9b24c6c32ad30b6ab2ef4a7e2ffc
  React-RCTText: a9c712b13cab90e1432e0ad113edc8bdbc691248
  React-RCTVibration: a283fefb8cc29d9740a7ff2e87f72ad10f25a433
  React-runtimeexecutor: 7902246857a4ead4166869e6c42d4df329ff721d
  ReactCommon: 83eba6f5a7fb7d6d4785427494260ea74efd8ab0
  Realm: bc4fc31783a0b3e355edca05f167f6a49c544dc2
  RealmSwift: 234003b5fdb187c4b439d478662636d62a1f9de0
  RNBootSplash: 3f3f7f82efe2addbfe7ddeda20877ff4d579cd81
  RNCClipboard: 3f0451a8100393908bea5c5c5b16f96d45f30bfc
  RNCPicker: 0bc2f0a29abcca7b7ed44a2d036aac9ab6d25700
  RNDateTimePicker: 65e1d202799460b286ff5e741d8baf54695e8abd
  RNDeviceInfo: 475a4c447168d0ad4c807e48ef5e0963a0f4eb1b
  RNGestureHandler: e145476da655f3dbc48ef2f0a08cf7a34338c02b
  RNInAppBrowser: e36d6935517101ccba0e875bac8ad7b0cb655364
  RNPermissions: 7370bdd89370cef81c4f7e9b6c282aefe114ef30
  RNReanimated: 93d69b6137a89e30168b771a0d215a21ae81a258
  RNScreens: 218801c16a2782546d30bd2026bb625c0302d70f
  RNShare: da6d90b6dc332f51f86498041d6e34211f96b630
  RNSVG: ba3e7232f45e34b7b47e74472386cf4e1a676d0a
  RNWatch: fd30ca40a5b5ef58dcbc195638e68219bc455236
  Runtime: 67741bd196fb4ad821c4d259ccc527bf734d8806
  Unrealm: 78b89e8d57eee8a36ee91dbde14534ff274e8cfa
  Yoga: 39310a10944fc864a7550700de349183450f8aaa

PODFILE CHECKSUM: 73d7e708c86e8352bac87a49fdd3d5e51a216b90

COCOAPODS: 1.14.3
